// !$*UTF8*$!
{
	archiveVersion = 1;
	classes = {
	};
	objectVersion = 46;
	objects = {

/* Begin PBXBuildFile section */
		781122E21F15267B002D0CCE /* CameraTableViewController.swift in Sources */ = {isa = PBXBuildFile; fileRef = 781122E11F15267B002D0CCE /* CameraTableViewController.swift */; };
		781122E41F152699002D0CCE /* CameraNames.swift in Sources */ = {isa = PBXBuildFile; fileRef = 781122E31F152699002D0CCE /* CameraNames.swift */; };
		781122E61F15281F002D0CCE /* CamerasTableViewCell.swift in Sources */ = {isa = PBXBuildFile; fileRef = 781122E51F15281F002D0CCE /* CamerasTableViewCell.swift */; };
		781122E81F15B50A002D0CCE /* SurveyTextOnly.swift in Sources */ = {isa = PBXBuildFile; fileRef = 781122E71F15B50A002D0CCE /* SurveyTextOnly.swift */; };
		C32A3C1F1EB01B340070066E /* LocationPhotosCollectionViewCell.swift in Sources */ = {isa = PBXBuildFile; fileRef = C32A3C1E1EB01B340070066E /* LocationPhotosCollectionViewCell.swift */; };
		C32A3C211EB290650070066E /* TeamTableViewController.swift in Sources */ = {isa = PBXBuildFile; fileRef = C32A3C201EB290650070066E /* TeamTableViewController.swift */; };
		C32A3C231EB2951C0070066E /* MLPTeamTableViewCell.swift in Sources */ = {isa = PBXBuildFile; fileRef = C32A3C221EB2951C0070066E /* MLPTeamTableViewCell.swift */; };
		C32A3C251EB2D74F0070066E /* TeamNames.swift in Sources */ = {isa = PBXBuildFile; fileRef = C32A3C241EB2D74F0070066E /* TeamNames.swift */; };
		C34C60801E83017F00B90FD9 /* KeywordTableViewCell.swift in Sources */ = {isa = PBXBuildFile; fileRef = C34C607F1E83017F00B90FD9 /* KeywordTableViewCell.swift */; };
		C34C60821E8313E000B90FD9 /* KeywordData.swift in Sources */ = {isa = PBXBuildFile; fileRef = C34C60811E8313E000B90FD9 /* KeywordData.swift */; };
		C3735A6F1ED7717F008C2867 /* SurveyorsViewController.swift in Sources */ = {isa = PBXBuildFile; fileRef = C3735A6E1ED7717F008C2867 /* SurveyorsViewController.swift */; };
		C3735A711ED77395008C2867 /* SurveyorTableViewCell.swift in Sources */ = {isa = PBXBuildFile; fileRef = C3735A701ED77395008C2867 /* SurveyorTableViewCell.swift */; };
		C3735A731ED79E79008C2867 /* SurveysViewController.swift in Sources */ = {isa = PBXBuildFile; fileRef = C3735A721ED79E79008C2867 /* SurveysViewController.swift */; };
		C3735A751ED7A93A008C2867 /* DatesViewController.swift in Sources */ = {isa = PBXBuildFile; fileRef = C3735A741ED7A93A008C2867 /* DatesViewController.swift */; };
		C3CB22721F57396100F4AD1D /* SurveySaveList.swift in Sources */ = {isa = PBXBuildFile; fileRef = C3CB22711F57396100F4AD1D /* SurveySaveList.swift */; };
		C3E555611E92F09300AB01E9 /* SurveyTableViewCell.swift in Sources */ = {isa = PBXBuildFile; fileRef = C3E555601E92F09300AB01E9 /* SurveyTableViewCell.swift */; };
		C3E555641E9454F900AB01E9 /* MapKit.framework in Frameworks */ = {isa = PBXBuildFile; fileRef = C3E555631E9454F900AB01E9 /* MapKit.framework */; };
		C3F102201E6F498600EB1B4E /* AppDelegate.swift in Sources */ = {isa = PBXBuildFile; fileRef = C3F1021F1E6F498600EB1B4E /* AppDelegate.swift */; };
		C3F102221E6F498600EB1B4E /* MasterViewController.swift in Sources */ = {isa = PBXBuildFile; fileRef = C3F102211E6F498600EB1B4E /* MasterViewController.swift */; };
		C3F102241E6F498600EB1B4E /* DetailViewController.swift in Sources */ = {isa = PBXBuildFile; fileRef = C3F102231E6F498600EB1B4E /* DetailViewController.swift */; };
		C3F102271E6F498600EB1B4E /* Main.storyboard in Resources */ = {isa = PBXBuildFile; fileRef = C3F102251E6F498600EB1B4E /* Main.storyboard */; };
		C3F1022C1E6F498600EB1B4E /* LaunchScreen.storyboard in Resources */ = {isa = PBXBuildFile; fileRef = C3F1022A1E6F498600EB1B4E /* LaunchScreen.storyboard */; };
		C3F102371E6F498700EB1B4E /* Survey_DataTests.swift in Sources */ = {isa = PBXBuildFile; fileRef = C3F102361E6F498700EB1B4E /* Survey_DataTests.swift */; };
		C3F102421E6F498700EB1B4E /* Survey_DataUITests.swift in Sources */ = {isa = PBXBuildFile; fileRef = C3F102411E6F498700EB1B4E /* Survey_DataUITests.swift */; };
		C3F102801E6FAE0900EB1B4E /* Assets.xcassets in Resources */ = {isa = PBXBuildFile; fileRef = C3F1027F1E6FAE0900EB1B4E /* Assets.xcassets */; };
		C3F102861E79BDAF00EB1B4E /* Survey.swift in Sources */ = {isa = PBXBuildFile; fileRef = C3F102851E79BDAF00EB1B4E /* Survey.swift */; };
		C3F102881E79C62000EB1B4E /* RepeatImageData.swift in Sources */ = {isa = PBXBuildFile; fileRef = C3F102871E79C62000EB1B4E /* RepeatImageData.swift */; };
		C3F1028A1E79CFB500EB1B4E /* LocationData.swift in Sources */ = {isa = PBXBuildFile; fileRef = C3F102891E79CFB500EB1B4E /* LocationData.swift */; };
		C3F103221E7B774C00EB1B4E /* LocationDataTableViewCell.swift in Sources */ = {isa = PBXBuildFile; fileRef = C3F1031F1E7B774C00EB1B4E /* LocationDataTableViewCell.swift */; };
		C3F103241E7B774C00EB1B4E /* RepeatImageDataViewCell.swift in Sources */ = {isa = PBXBuildFile; fileRef = C3F103211E7B774C00EB1B4E /* RepeatImageDataViewCell.swift */; };
		C3F313B21ECE44820045528E /* MapViewCell.swift in Sources */ = {isa = PBXBuildFile; fileRef = C3F313B11ECE44820045528E /* MapViewCell.swift */; };
		C3F313B41ECF7D330045528E /* MapViewController.swift in Sources */ = {isa = PBXBuildFile; fileRef = C3F313B31ECF7D330045528E /* MapViewController.swift */; };
/* End PBXBuildFile section */

/* Begin PBXContainerItemProxy section */
		C3F102331E6F498700EB1B4E /* PBXContainerItemProxy */ = {
			isa = PBXContainerItemProxy;
			containerPortal = C3F102141E6F498600EB1B4E /* Project object */;
			proxyType = 1;
			remoteGlobalIDString = C3F1021B1E6F498600EB1B4E;
			remoteInfo = "Survey Data";
		};
		C3F1023E1E6F498700EB1B4E /* PBXContainerItemProxy */ = {
			isa = PBXContainerItemProxy;
			containerPortal = C3F102141E6F498600EB1B4E /* Project object */;
			proxyType = 1;
			remoteGlobalIDString = C3F1021B1E6F498600EB1B4E;
			remoteInfo = "Survey Data";
		};
/* End PBXContainerItemProxy section */

/* Begin PBXFileReference section */
		781122E11F15267B002D0CCE /* CameraTableViewController.swift */ = {isa = PBXFileReference; fileEncoding = 4; lastKnownFileType = sourcecode.swift; path = CameraTableViewController.swift; sourceTree = "<group>"; };
		781122E31F152699002D0CCE /* CameraNames.swift */ = {isa = PBXFileReference; fileEncoding = 4; lastKnownFileType = sourcecode.swift; path = CameraNames.swift; sourceTree = "<group>"; };
		781122E51F15281F002D0CCE /* CamerasTableViewCell.swift */ = {isa = PBXFileReference; fileEncoding = 4; lastKnownFileType = sourcecode.swift; path = CamerasTableViewCell.swift; sourceTree = "<group>"; };
		781122E71F15B50A002D0CCE /* SurveyTextOnly.swift */ = {isa = PBXFileReference; fileEncoding = 4; lastKnownFileType = sourcecode.swift; path = SurveyTextOnly.swift; sourceTree = "<group>"; };
		C32A3C1E1EB01B340070066E /* LocationPhotosCollectionViewCell.swift */ = {isa = PBXFileReference; fileEncoding = 4; lastKnownFileType = sourcecode.swift; path = LocationPhotosCollectionViewCell.swift; sourceTree = "<group>"; };
		C32A3C201EB290650070066E /* TeamTableViewController.swift */ = {isa = PBXFileReference; fileEncoding = 4; lastKnownFileType = sourcecode.swift; path = TeamTableViewController.swift; sourceTree = "<group>"; };
		C32A3C221EB2951C0070066E /* MLPTeamTableViewCell.swift */ = {isa = PBXFileReference; fileEncoding = 4; lastKnownFileType = sourcecode.swift; path = MLPTeamTableViewCell.swift; sourceTree = "<group>"; };
		C32A3C241EB2D74F0070066E /* TeamNames.swift */ = {isa = PBXFileReference; fileEncoding = 4; lastKnownFileType = sourcecode.swift; path = TeamNames.swift; sourceTree = "<group>"; };
		C34C607F1E83017F00B90FD9 /* KeywordTableViewCell.swift */ = {isa = PBXFileReference; fileEncoding = 4; lastKnownFileType = sourcecode.swift; path = KeywordTableViewCell.swift; sourceTree = "<group>"; };
		C34C60811E8313E000B90FD9 /* KeywordData.swift */ = {isa = PBXFileReference; fileEncoding = 4; lastKnownFileType = sourcecode.swift; path = KeywordData.swift; sourceTree = "<group>"; };
		C3735A6E1ED7717F008C2867 /* SurveyorsViewController.swift */ = {isa = PBXFileReference; fileEncoding = 4; lastKnownFileType = sourcecode.swift; path = SurveyorsViewController.swift; sourceTree = "<group>"; };
		C3735A701ED77395008C2867 /* SurveyorTableViewCell.swift */ = {isa = PBXFileReference; fileEncoding = 4; lastKnownFileType = sourcecode.swift; path = SurveyorTableViewCell.swift; sourceTree = "<group>"; };
		C3735A721ED79E79008C2867 /* SurveysViewController.swift */ = {isa = PBXFileReference; fileEncoding = 4; lastKnownFileType = sourcecode.swift; path = SurveysViewController.swift; sourceTree = "<group>"; };
		C3735A741ED7A93A008C2867 /* DatesViewController.swift */ = {isa = PBXFileReference; fileEncoding = 4; lastKnownFileType = sourcecode.swift; path = DatesViewController.swift; sourceTree = "<group>"; };
		C3CB22711F57396100F4AD1D /* SurveySaveList.swift */ = {isa = PBXFileReference; fileEncoding = 4; lastKnownFileType = sourcecode.swift; path = SurveySaveList.swift; sourceTree = "<group>"; };
		C3E555601E92F09300AB01E9 /* SurveyTableViewCell.swift */ = {isa = PBXFileReference; fileEncoding = 4; lastKnownFileType = sourcecode.swift; path = SurveyTableViewCell.swift; sourceTree = "<group>"; };
		C3E555631E9454F900AB01E9 /* MapKit.framework */ = {isa = PBXFileReference; lastKnownFileType = wrapper.framework; name = MapKit.framework; path = System/Library/Frameworks/MapKit.framework; sourceTree = SDKROOT; };
		C3F1021C1E6F498600EB1B4E /* Survey Data.app */ = {isa = PBXFileReference; explicitFileType = wrapper.application; includeInIndex = 0; path = "Survey Data.app"; sourceTree = BUILT_PRODUCTS_DIR; };
		C3F1021F1E6F498600EB1B4E /* AppDelegate.swift */ = {isa = PBXFileReference; lastKnownFileType = sourcecode.swift; path = AppDelegate.swift; sourceTree = "<group>"; };
		C3F102211E6F498600EB1B4E /* MasterViewController.swift */ = {isa = PBXFileReference; lastKnownFileType = sourcecode.swift; path = MasterViewController.swift; sourceTree = "<group>"; };
		C3F102231E6F498600EB1B4E /* DetailViewController.swift */ = {isa = PBXFileReference; lastKnownFileType = sourcecode.swift; path = DetailViewController.swift; sourceTree = "<group>"; };
		C3F102261E6F498600EB1B4E /* Base */ = {isa = PBXFileReference; lastKnownFileType = file.storyboard; name = Base; path = Base.lproj/Main.storyboard; sourceTree = "<group>"; };
		C3F1022B1E6F498600EB1B4E /* Base */ = {isa = PBXFileReference; lastKnownFileType = file.storyboard; name = Base; path = Base.lproj/LaunchScreen.storyboard; sourceTree = "<group>"; };
		C3F1022D1E6F498700EB1B4E /* Info.plist */ = {isa = PBXFileReference; lastKnownFileType = text.plist.xml; path = Info.plist; sourceTree = "<group>"; };
		C3F102321E6F498700EB1B4E /* Survey DataTests.xctest */ = {isa = PBXFileReference; explicitFileType = wrapper.cfbundle; includeInIndex = 0; path = "Survey DataTests.xctest"; sourceTree = BUILT_PRODUCTS_DIR; };
		C3F102361E6F498700EB1B4E /* Survey_DataTests.swift */ = {isa = PBXFileReference; lastKnownFileType = sourcecode.swift; path = Survey_DataTests.swift; sourceTree = "<group>"; };
		C3F102381E6F498700EB1B4E /* Info.plist */ = {isa = PBXFileReference; lastKnownFileType = text.plist.xml; path = Info.plist; sourceTree = "<group>"; };
		C3F1023D1E6F498700EB1B4E /* Survey DataUITests.xctest */ = {isa = PBXFileReference; explicitFileType = wrapper.cfbundle; includeInIndex = 0; path = "Survey DataUITests.xctest"; sourceTree = BUILT_PRODUCTS_DIR; };
		C3F102411E6F498700EB1B4E /* Survey_DataUITests.swift */ = {isa = PBXFileReference; lastKnownFileType = sourcecode.swift; path = Survey_DataUITests.swift; sourceTree = "<group>"; };
		C3F102431E6F498700EB1B4E /* Info.plist */ = {isa = PBXFileReference; lastKnownFileType = text.plist.xml; path = Info.plist; sourceTree = "<group>"; };
		C3F1027F1E6FAE0900EB1B4E /* Assets.xcassets */ = {isa = PBXFileReference; lastKnownFileType = folder.assetcatalog; path = Assets.xcassets; sourceTree = "<group>"; };
		C3F102851E79BDAF00EB1B4E /* Survey.swift */ = {isa = PBXFileReference; fileEncoding = 4; lastKnownFileType = sourcecode.swift; path = Survey.swift; sourceTree = "<group>"; };
		C3F102871E79C62000EB1B4E /* RepeatImageData.swift */ = {isa = PBXFileReference; fileEncoding = 4; lastKnownFileType = sourcecode.swift; path = RepeatImageData.swift; sourceTree = "<group>"; };
		C3F102891E79CFB500EB1B4E /* LocationData.swift */ = {isa = PBXFileReference; fileEncoding = 4; lastKnownFileType = sourcecode.swift; path = LocationData.swift; sourceTree = "<group>"; };
		C3F1031F1E7B774C00EB1B4E /* LocationDataTableViewCell.swift */ = {isa = PBXFileReference; fileEncoding = 4; lastKnownFileType = sourcecode.swift; path = LocationDataTableViewCell.swift; sourceTree = "<group>"; };
		C3F103211E7B774C00EB1B4E /* RepeatImageDataViewCell.swift */ = {isa = PBXFileReference; fileEncoding = 4; lastKnownFileType = sourcecode.swift; path = RepeatImageDataViewCell.swift; sourceTree = "<group>"; };
		C3F313B11ECE44820045528E /* MapViewCell.swift */ = {isa = PBXFileReference; fileEncoding = 4; lastKnownFileType = sourcecode.swift; path = MapViewCell.swift; sourceTree = "<group>"; };
		C3F313B31ECF7D330045528E /* MapViewController.swift */ = {isa = PBXFileReference; fileEncoding = 4; lastKnownFileType = sourcecode.swift; path = MapViewController.swift; sourceTree = "<group>"; };
/* End PBXFileReference section */

/* Begin PBXFrameworksBuildPhase section */
		C3F102191E6F498600EB1B4E /* Frameworks */ = {
			isa = PBXFrameworksBuildPhase;
			buildActionMask = 2147483647;
			files = (
				C3E555641E9454F900AB01E9 /* MapKit.framework in Frameworks */,
			);
			runOnlyForDeploymentPostprocessing = 0;
		};
		C3F1022F1E6F498700EB1B4E /* Frameworks */ = {
			isa = PBXFrameworksBuildPhase;
			buildActionMask = 2147483647;
			files = (
			);
			runOnlyForDeploymentPostprocessing = 0;
		};
		C3F1023A1E6F498700EB1B4E /* Frameworks */ = {
			isa = PBXFrameworksBuildPhase;
			buildActionMask = 2147483647;
			files = (
			);
			runOnlyForDeploymentPostprocessing = 0;
		};
/* End PBXFrameworksBuildPhase section */

/* Begin PBXGroup section */
		C3E555621E9454F900AB01E9 /* Frameworks */ = {
			isa = PBXGroup;
			children = (
				C3E555631E9454F900AB01E9 /* MapKit.framework */,
			);
			name = Frameworks;
			sourceTree = "<group>";
		};
		C3F102131E6F498600EB1B4E = {
			isa = PBXGroup;
			children = (
				C3F1021E1E6F498600EB1B4E /* Survey Data */,
				C3F102351E6F498700EB1B4E /* Survey DataTests */,
				C3F102401E6F498700EB1B4E /* Survey DataUITests */,
				C3F1021D1E6F498600EB1B4E /* Products */,
				C3E555621E9454F900AB01E9 /* Frameworks */,
			);
			sourceTree = "<group>";
		};
		C3F1021D1E6F498600EB1B4E /* Products */ = {
			isa = PBXGroup;
			children = (
				C3F1021C1E6F498600EB1B4E /* Survey Data.app */,
				C3F102321E6F498700EB1B4E /* Survey DataTests.xctest */,
				C3F1023D1E6F498700EB1B4E /* Survey DataUITests.xctest */,
			);
			name = Products;
			sourceTree = "<group>";
		};
		C3F1021E1E6F498600EB1B4E /* Survey Data */ = {
			isa = PBXGroup;
			children = (
				C3F1021F1E6F498600EB1B4E /* AppDelegate.swift */,
				C3F102211E6F498600EB1B4E /* MasterViewController.swift */,
				C3F313B11ECE44820045528E /* MapViewCell.swift */,
				C3F313B31ECF7D330045528E /* MapViewController.swift */,
				C3735A741ED7A93A008C2867 /* DatesViewController.swift */,
				C3735A701ED77395008C2867 /* SurveyorTableViewCell.swift */,
				C3735A6E1ED7717F008C2867 /* SurveyorsViewController.swift */,
				C3735A721ED79E79008C2867 /* SurveysViewController.swift */,
				C3F102231E6F498600EB1B4E /* DetailViewController.swift */,
				C3F102851E79BDAF00EB1B4E /* Survey.swift */,
				C3CB22711F57396100F4AD1D /* SurveySaveList.swift */,
				781122E71F15B50A002D0CCE /* SurveyTextOnly.swift */,
				C3E555601E92F09300AB01E9 /* SurveyTableViewCell.swift */,
				C3F102871E79C62000EB1B4E /* RepeatImageData.swift */,
				C3F103211E7B774C00EB1B4E /* RepeatImageDataViewCell.swift */,
				C34C60811E8313E000B90FD9 /* KeywordData.swift */,
				C34C607F1E83017F00B90FD9 /* KeywordTableViewCell.swift */,
				C3F102891E79CFB500EB1B4E /* LocationData.swift */,
				C3F1031F1E7B774C00EB1B4E /* LocationDataTableViewCell.swift */,
				C32A3C1E1EB01B340070066E /* LocationPhotosCollectionViewCell.swift */,
				C32A3C221EB2951C0070066E /* MLPTeamTableViewCell.swift */,
				C32A3C201EB290650070066E /* TeamTableViewController.swift */,
				C32A3C241EB2D74F0070066E /* TeamNames.swift */,
				781122E51F15281F002D0CCE /* CamerasTableViewCell.swift */,
				781122E11F15267B002D0CCE /* CameraTableViewController.swift */,
				781122E31F152699002D0CCE /* CameraNames.swift */,
				C3F102251E6F498600EB1B4E /* Main.storyboard */,
				C3F1027F1E6FAE0900EB1B4E /* Assets.xcassets */,
				C3F1022A1E6F498600EB1B4E /* LaunchScreen.storyboard */,
				C3F1022D1E6F498700EB1B4E /* Info.plist */,
			);
			path = "Survey Data";
			sourceTree = "<group>";
		};
		C3F102351E6F498700EB1B4E /* Survey DataTests */ = {
			isa = PBXGroup;
			children = (
				C3F102361E6F498700EB1B4E /* Survey_DataTests.swift */,
				C3F102381E6F498700EB1B4E /* Info.plist */,
			);
			path = "Survey DataTests";
			sourceTree = "<group>";
		};
		C3F102401E6F498700EB1B4E /* Survey DataUITests */ = {
			isa = PBXGroup;
			children = (
				C3F102411E6F498700EB1B4E /* Survey_DataUITests.swift */,
				C3F102431E6F498700EB1B4E /* Info.plist */,
			);
			path = "Survey DataUITests";
			sourceTree = "<group>";
		};
/* End PBXGroup section */

/* Begin PBXNativeTarget section */
		C3F1021B1E6F498600EB1B4E /* Survey Data */ = {
			isa = PBXNativeTarget;
			buildConfigurationList = C3F102461E6F498700EB1B4E /* Build configuration list for PBXNativeTarget "Survey Data" */;
			buildPhases = (
				C3F102181E6F498600EB1B4E /* Sources */,
				C3F102191E6F498600EB1B4E /* Frameworks */,
				C3F1021A1E6F498600EB1B4E /* Resources */,
			);
			buildRules = (
			);
			dependencies = (
			);
			name = "Survey Data";
			productName = "Survey Data";
			productReference = C3F1021C1E6F498600EB1B4E /* Survey Data.app */;
			productType = "com.apple.product-type.application";
		};
		C3F102311E6F498700EB1B4E /* Survey DataTests */ = {
			isa = PBXNativeTarget;
			buildConfigurationList = C3F102491E6F498700EB1B4E /* Build configuration list for PBXNativeTarget "Survey DataTests" */;
			buildPhases = (
				C3F1022E1E6F498700EB1B4E /* Sources */,
				C3F1022F1E6F498700EB1B4E /* Frameworks */,
				C3F102301E6F498700EB1B4E /* Resources */,
			);
			buildRules = (
			);
			dependencies = (
				C3F102341E6F498700EB1B4E /* PBXTargetDependency */,
			);
			name = "Survey DataTests";
			productName = "Survey DataTests";
			productReference = C3F102321E6F498700EB1B4E /* Survey DataTests.xctest */;
			productType = "com.apple.product-type.bundle.unit-test";
		};
		C3F1023C1E6F498700EB1B4E /* Survey DataUITests */ = {
			isa = PBXNativeTarget;
			buildConfigurationList = C3F1024C1E6F498700EB1B4E /* Build configuration list for PBXNativeTarget "Survey DataUITests" */;
			buildPhases = (
				C3F102391E6F498700EB1B4E /* Sources */,
				C3F1023A1E6F498700EB1B4E /* Frameworks */,
				C3F1023B1E6F498700EB1B4E /* Resources */,
			);
			buildRules = (
			);
			dependencies = (
				C3F1023F1E6F498700EB1B4E /* PBXTargetDependency */,
			);
			name = "Survey DataUITests";
			productName = "Survey DataUITests";
			productReference = C3F1023D1E6F498700EB1B4E /* Survey DataUITests.xctest */;
			productType = "com.apple.product-type.bundle.ui-testing";
		};
/* End PBXNativeTarget section */

/* Begin PBXProject section */
		C3F102141E6F498600EB1B4E /* Project object */ = {
			isa = PBXProject;
			attributes = {
				LastSwiftUpdateCheck = 0820;
				LastUpgradeCheck = 1020;
				ORGANIZATIONNAME = "Mountain Legacy";
				TargetAttributes = {
					C3F1021B1E6F498600EB1B4E = {
						CreatedOnToolsVersion = 8.2.1;
						DevelopmentTeam = 943883D2U7;
						LastSwiftMigration = 1020;
						ProvisioningStyle = Automatic;
						SystemCapabilities = {
							com.apple.Maps.iOS = {
								enabled = 1;
							};
						};
					};
					C3F102311E6F498700EB1B4E = {
						CreatedOnToolsVersion = 8.2.1;
						LastSwiftMigration = 1020;
						ProvisioningStyle = Automatic;
						TestTargetID = C3F1021B1E6F498600EB1B4E;
					};
					C3F1023C1E6F498700EB1B4E = {
						CreatedOnToolsVersion = 8.2.1;
						LastSwiftMigration = 1020;
						ProvisioningStyle = Automatic;
						TestTargetID = C3F1021B1E6F498600EB1B4E;
					};
				};
			};
			buildConfigurationList = C3F102171E6F498600EB1B4E /* Build configuration list for PBXProject "Survey Data" */;
			compatibilityVersion = "Xcode 3.2";
			developmentRegion = English;
			hasScannedForEncodings = 0;
			knownRegions = (
				English,
				en,
				Base,
			);
			mainGroup = C3F102131E6F498600EB1B4E;
			productRefGroup = C3F1021D1E6F498600EB1B4E /* Products */;
			projectDirPath = "";
			projectRoot = "";
			targets = (
				C3F1021B1E6F498600EB1B4E /* Survey Data */,
				C3F102311E6F498700EB1B4E /* Survey DataTests */,
				C3F1023C1E6F498700EB1B4E /* Survey DataUITests */,
			);
		};
/* End PBXProject section */

/* Begin PBXResourcesBuildPhase section */
		C3F1021A1E6F498600EB1B4E /* Resources */ = {
			isa = PBXResourcesBuildPhase;
			buildActionMask = 2147483647;
			files = (
				C3F1022C1E6F498600EB1B4E /* LaunchScreen.storyboard in Resources */,
				C3F102801E6FAE0900EB1B4E /* Assets.xcassets in Resources */,
				C3F102271E6F498600EB1B4E /* Main.storyboard in Resources */,
			);
			runOnlyForDeploymentPostprocessing = 0;
		};
		C3F102301E6F498700EB1B4E /* Resources */ = {
			isa = PBXResourcesBuildPhase;
			buildActionMask = 2147483647;
			files = (
			);
			runOnlyForDeploymentPostprocessing = 0;
		};
		C3F1023B1E6F498700EB1B4E /* Resources */ = {
			isa = PBXResourcesBuildPhase;
			buildActionMask = 2147483647;
			files = (
			);
			runOnlyForDeploymentPostprocessing = 0;
		};
/* End PBXResourcesBuildPhase section */

/* Begin PBXSourcesBuildPhase section */
		C3F102181E6F498600EB1B4E /* Sources */ = {
			isa = PBXSourcesBuildPhase;
			buildActionMask = 2147483647;
			files = (
				C3F103241E7B774C00EB1B4E /* RepeatImageDataViewCell.swift in Sources */,
				C3F1028A1E79CFB500EB1B4E /* LocationData.swift in Sources */,
				C3CB22721F57396100F4AD1D /* SurveySaveList.swift in Sources */,
				C3F102241E6F498600EB1B4E /* DetailViewController.swift in Sources */,
				C3F313B21ECE44820045528E /* MapViewCell.swift in Sources */,
				C3E555611E92F09300AB01E9 /* SurveyTableViewCell.swift in Sources */,
				C34C60821E8313E000B90FD9 /* KeywordData.swift in Sources */,
				C3F102861E79BDAF00EB1B4E /* Survey.swift in Sources */,
				C3F313B41ECF7D330045528E /* MapViewController.swift in Sources */,
				C3F102221E6F498600EB1B4E /* MasterViewController.swift in Sources */,
				C32A3C251EB2D74F0070066E /* TeamNames.swift in Sources */,
				781122E21F15267B002D0CCE /* CameraTableViewController.swift in Sources */,
				C32A3C231EB2951C0070066E /* MLPTeamTableViewCell.swift in Sources */,
				C32A3C1F1EB01B340070066E /* LocationPhotosCollectionViewCell.swift in Sources */,
				C3735A6F1ED7717F008C2867 /* SurveyorsViewController.swift in Sources */,
				781122E81F15B50A002D0CCE /* SurveyTextOnly.swift in Sources */,
				C32A3C211EB290650070066E /* TeamTableViewController.swift in Sources */,
				C3F103221E7B774C00EB1B4E /* LocationDataTableViewCell.swift in Sources */,
				C3735A711ED77395008C2867 /* SurveyorTableViewCell.swift in Sources */,
				C3735A751ED7A93A008C2867 /* DatesViewController.swift in Sources */,
				C3F102881E79C62000EB1B4E /* RepeatImageData.swift in Sources */,
				C3F102201E6F498600EB1B4E /* AppDelegate.swift in Sources */,
				781122E61F15281F002D0CCE /* CamerasTableViewCell.swift in Sources */,
				C3735A731ED79E79008C2867 /* SurveysViewController.swift in Sources */,
				C34C60801E83017F00B90FD9 /* KeywordTableViewCell.swift in Sources */,
				781122E41F152699002D0CCE /* CameraNames.swift in Sources */,
			);
			runOnlyForDeploymentPostprocessing = 0;
		};
		C3F1022E1E6F498700EB1B4E /* Sources */ = {
			isa = PBXSourcesBuildPhase;
			buildActionMask = 2147483647;
			files = (
				C3F102371E6F498700EB1B4E /* Survey_DataTests.swift in Sources */,
			);
			runOnlyForDeploymentPostprocessing = 0;
		};
		C3F102391E6F498700EB1B4E /* Sources */ = {
			isa = PBXSourcesBuildPhase;
			buildActionMask = 2147483647;
			files = (
				C3F102421E6F498700EB1B4E /* Survey_DataUITests.swift in Sources */,
			);
			runOnlyForDeploymentPostprocessing = 0;
		};
/* End PBXSourcesBuildPhase section */

/* Begin PBXTargetDependency section */
		C3F102341E6F498700EB1B4E /* PBXTargetDependency */ = {
			isa = PBXTargetDependency;
			target = C3F1021B1E6F498600EB1B4E /* Survey Data */;
			targetProxy = C3F102331E6F498700EB1B4E /* PBXContainerItemProxy */;
		};
		C3F1023F1E6F498700EB1B4E /* PBXTargetDependency */ = {
			isa = PBXTargetDependency;
			target = C3F1021B1E6F498600EB1B4E /* Survey Data */;
			targetProxy = C3F1023E1E6F498700EB1B4E /* PBXContainerItemProxy */;
		};
/* End PBXTargetDependency section */

/* Begin PBXVariantGroup section */
		C3F102251E6F498600EB1B4E /* Main.storyboard */ = {
			isa = PBXVariantGroup;
			children = (
				C3F102261E6F498600EB1B4E /* Base */,
			);
			name = Main.storyboard;
			sourceTree = "<group>";
		};
		C3F1022A1E6F498600EB1B4E /* LaunchScreen.storyboard */ = {
			isa = PBXVariantGroup;
			children = (
				C3F1022B1E6F498600EB1B4E /* Base */,
			);
			name = LaunchScreen.storyboard;
			sourceTree = "<group>";
		};
/* End PBXVariantGroup section */

/* Begin XCBuildConfiguration section */
		C3F102441E6F498700EB1B4E /* Debug */ = {
			isa = XCBuildConfiguration;
			buildSettings = {
				ALWAYS_SEARCH_USER_PATHS = NO;
				CLANG_ANALYZER_LOCALIZABILITY_NONLOCALIZED = YES;
				CLANG_ANALYZER_NONNULL = YES;
				CLANG_CXX_LANGUAGE_STANDARD = "gnu++0x";
				CLANG_CXX_LIBRARY = "libc++";
				CLANG_ENABLE_MODULES = YES;
				CLANG_ENABLE_OBJC_ARC = YES;
				CLANG_WARN_BLOCK_CAPTURE_AUTORELEASING = YES;
				CLANG_WARN_BOOL_CONVERSION = YES;
				CLANG_WARN_COMMA = YES;
				CLANG_WARN_CONSTANT_CONVERSION = YES;
				CLANG_WARN_DEPRECATED_OBJC_IMPLEMENTATIONS = YES;
				CLANG_WARN_DIRECT_OBJC_ISA_USAGE = YES_ERROR;
				CLANG_WARN_DOCUMENTATION_COMMENTS = YES;
				CLANG_WARN_EMPTY_BODY = YES;
				CLANG_WARN_ENUM_CONVERSION = YES;
				CLANG_WARN_INFINITE_RECURSION = YES;
				CLANG_WARN_INT_CONVERSION = YES;
				CLANG_WARN_NON_LITERAL_NULL_CONVERSION = YES;
				CLANG_WARN_OBJC_IMPLICIT_RETAIN_SELF = YES;
				CLANG_WARN_OBJC_LITERAL_CONVERSION = YES;
				CLANG_WARN_OBJC_ROOT_CLASS = YES_ERROR;
				CLANG_WARN_RANGE_LOOP_ANALYSIS = YES;
				CLANG_WARN_STRICT_PROTOTYPES = YES;
				CLANG_WARN_SUSPICIOUS_MOVE = YES;
				CLANG_WARN_UNREACHABLE_CODE = YES;
				CLANG_WARN__DUPLICATE_METHOD_MATCH = YES;
				"CODE_SIGN_IDENTITY[sdk=iphoneos*]" = "iPhone Developer";
				COPY_PHASE_STRIP = NO;
				DEBUG_INFORMATION_FORMAT = dwarf;
				ENABLE_STRICT_OBJC_MSGSEND = YES;
				ENABLE_TESTABILITY = YES;
				GCC_C_LANGUAGE_STANDARD = gnu99;
				GCC_DYNAMIC_NO_PIC = NO;
				GCC_NO_COMMON_BLOCKS = YES;
				GCC_OPTIMIZATION_LEVEL = 0;
				GCC_PREPROCESSOR_DEFINITIONS = (
					"DEBUG=1",
					"$(inherited)",
				);
				GCC_WARN_64_TO_32_BIT_CONVERSION = YES;
				GCC_WARN_ABOUT_RETURN_TYPE = YES_ERROR;
				GCC_WARN_UNDECLARED_SELECTOR = YES;
				GCC_WARN_UNINITIALIZED_AUTOS = YES_AGGRESSIVE;
				GCC_WARN_UNUSED_FUNCTION = YES;
				GCC_WARN_UNUSED_VARIABLE = YES;
				IPHONEOS_DEPLOYMENT_TARGET = 9.3;
				MTL_ENABLE_DEBUG_INFO = YES;
				ONLY_ACTIVE_ARCH = YES;
				SDKROOT = iphoneos;
				SWIFT_ACTIVE_COMPILATION_CONDITIONS = DEBUG;
				SWIFT_OPTIMIZATION_LEVEL = "-Onone";
				TARGETED_DEVICE_FAMILY = "1,2";
			};
			name = Debug;
		};
		C3F102451E6F498700EB1B4E /* Release */ = {
			isa = XCBuildConfiguration;
			buildSettings = {
				ALWAYS_SEARCH_USER_PATHS = NO;
				CLANG_ANALYZER_LOCALIZABILITY_NONLOCALIZED = YES;
				CLANG_ANALYZER_NONNULL = YES;
				CLANG_CXX_LANGUAGE_STANDARD = "gnu++0x";
				CLANG_CXX_LIBRARY = "libc++";
				CLANG_ENABLE_MODULES = YES;
				CLANG_ENABLE_OBJC_ARC = YES;
				CLANG_WARN_BLOCK_CAPTURE_AUTORELEASING = YES;
				CLANG_WARN_BOOL_CONVERSION = YES;
				CLANG_WARN_COMMA = YES;
				CLANG_WARN_CONSTANT_CONVERSION = YES;
				CLANG_WARN_DEPRECATED_OBJC_IMPLEMENTATIONS = YES;
				CLANG_WARN_DIRECT_OBJC_ISA_USAGE = YES_ERROR;
				CLANG_WARN_DOCUMENTATION_COMMENTS = YES;
				CLANG_WARN_EMPTY_BODY = YES;
				CLANG_WARN_ENUM_CONVERSION = YES;
				CLANG_WARN_INFINITE_RECURSION = YES;
				CLANG_WARN_INT_CONVERSION = YES;
				CLANG_WARN_NON_LITERAL_NULL_CONVERSION = YES;
				CLANG_WARN_OBJC_IMPLICIT_RETAIN_SELF = YES;
				CLANG_WARN_OBJC_LITERAL_CONVERSION = YES;
				CLANG_WARN_OBJC_ROOT_CLASS = YES_ERROR;
				CLANG_WARN_RANGE_LOOP_ANALYSIS = YES;
				CLANG_WARN_STRICT_PROTOTYPES = YES;
				CLANG_WARN_SUSPICIOUS_MOVE = YES;
				CLANG_WARN_UNREACHABLE_CODE = YES;
				CLANG_WARN__DUPLICATE_METHOD_MATCH = YES;
				"CODE_SIGN_IDENTITY[sdk=iphoneos*]" = "iPhone Developer";
				COPY_PHASE_STRIP = NO;
				DEBUG_INFORMATION_FORMAT = "dwarf-with-dsym";
				ENABLE_NS_ASSERTIONS = NO;
				ENABLE_STRICT_OBJC_MSGSEND = YES;
				GCC_C_LANGUAGE_STANDARD = gnu99;
				GCC_NO_COMMON_BLOCKS = YES;
				GCC_WARN_64_TO_32_BIT_CONVERSION = YES;
				GCC_WARN_ABOUT_RETURN_TYPE = YES_ERROR;
				GCC_WARN_UNDECLARED_SELECTOR = YES;
				GCC_WARN_UNINITIALIZED_AUTOS = YES_AGGRESSIVE;
				GCC_WARN_UNUSED_FUNCTION = YES;
				GCC_WARN_UNUSED_VARIABLE = YES;
				IPHONEOS_DEPLOYMENT_TARGET = 9.3;
				MTL_ENABLE_DEBUG_INFO = NO;
				SDKROOT = iphoneos;
				SWIFT_OPTIMIZATION_LEVEL = "-Owholemodule";
				TARGETED_DEVICE_FAMILY = "1,2";
				VALIDATE_PRODUCT = YES;
			};
			name = Release;
		};
		C3F102471E6F498700EB1B4E /* Debug */ = {
			isa = XCBuildConfiguration;
			buildSettings = {
				ASSETCATALOG_COMPILER_APPICON_NAME = AppIcon;
				DEVELOPMENT_TEAM = 943883D2U7;
				INFOPLIST_FILE = "Survey Data/Info.plist";
				IPHONEOS_DEPLOYMENT_TARGET = 9.3;
				LD_RUNPATH_SEARCH_PATHS = "$(inherited) @executable_path/Frameworks";
				PRODUCT_BUNDLE_IDENTIFIER = "MLP.Survey-Data";
				PRODUCT_NAME = "$(TARGET_NAME)";
				SWIFT_VERSION = 5.0;
				TARGETED_DEVICE_FAMILY = 2;
			};
			name = Debug;
		};
		C3F102481E6F498700EB1B4E /* Release */ = {
			isa = XCBuildConfiguration;
			buildSettings = {
				ASSETCATALOG_COMPILER_APPICON_NAME = AppIcon;
				DEVELOPMENT_TEAM = 943883D2U7;
				INFOPLIST_FILE = "Survey Data/Info.plist";
				IPHONEOS_DEPLOYMENT_TARGET = 9.3;
				LD_RUNPATH_SEARCH_PATHS = "$(inherited) @executable_path/Frameworks";
				PRODUCT_BUNDLE_IDENTIFIER = "MLP.Survey-Data";
				PRODUCT_NAME = "$(TARGET_NAME)";
				SWIFT_VERSION = 5.0;
				TARGETED_DEVICE_FAMILY = 2;
			};
			name = Release;
		};
		C3F1024A1E6F498700EB1B4E /* Debug */ = {
			isa = XCBuildConfiguration;
			buildSettings = {
				ALWAYS_EMBED_SWIFT_STANDARD_LIBRARIES = YES;
				BUNDLE_LOADER = "$(TEST_HOST)";
				INFOPLIST_FILE = "Survey DataTests/Info.plist";
				LD_RUNPATH_SEARCH_PATHS = "$(inherited) @executable_path/Frameworks @loader_path/Frameworks";
				PRODUCT_BUNDLE_IDENTIFIER = "MLP.Survey-DataTests";
				PRODUCT_NAME = "$(TARGET_NAME)";
				SWIFT_VERSION = 5.0;
				TEST_HOST = "$(BUILT_PRODUCTS_DIR)/Survey Data.app/Survey Data";
			};
			name = Debug;
		};
		C3F1024B1E6F498700EB1B4E /* Release */ = {
			isa = XCBuildConfiguration;
			buildSettings = {
				ALWAYS_EMBED_SWIFT_STANDARD_LIBRARIES = YES;
				BUNDLE_LOADER = "$(TEST_HOST)";
				INFOPLIST_FILE = "Survey DataTests/Info.plist";
				LD_RUNPATH_SEARCH_PATHS = "$(inherited) @executable_path/Frameworks @loader_path/Frameworks";
				PRODUCT_BUNDLE_IDENTIFIER = "MLP.Survey-DataTests";
				PRODUCT_NAME = "$(TARGET_NAME)";
				SWIFT_VERSION = 5.0;
				TEST_HOST = "$(BUILT_PRODUCTS_DIR)/Survey Data.app/Survey Data";
			};
			name = Release;
		};
		C3F1024D1E6F498700EB1B4E /* Debug */ = {
			isa = XCBuildConfiguration;
			buildSettings = {
				ALWAYS_EMBED_SWIFT_STANDARD_LIBRARIES = YES;
				INFOPLIST_FILE = "Survey DataUITests/Info.plist";
				LD_RUNPATH_SEARCH_PATHS = "$(inherited) @executable_path/Frameworks @loader_path/Frameworks";
				PRODUCT_BUNDLE_IDENTIFIER = "MLP.Survey-DataUITests";
				PRODUCT_NAME = "$(TARGET_NAME)";
				SWIFT_VERSION = 5.0;
				TEST_TARGET_NAME = "Survey Data";
			};
			name = Debug;
		};
		C3F1024E1E6F498700EB1B4E /* Release */ = {
			isa = XCBuildConfiguration;
			buildSettings = {
				ALWAYS_EMBED_SWIFT_STANDARD_LIBRARIES = YES;
				INFOPLIST_FILE = "Survey DataUITests/Info.plist";
				LD_RUNPATH_SEARCH_PATHS = "$(inherited) @executable_path/Frameworks @loader_path/Frameworks";
				PRODUCT_BUNDLE_IDENTIFIER = "MLP.Survey-DataUITests";
				PRODUCT_NAME = "$(TARGET_NAME)";
				SWIFT_VERSION = 5.0;
				TEST_TARGET_NAME = "Survey Data";
			};
			name = Release;
		};
/* End XCBuildConfiguration section */

/* Begin XCConfigurationList section */
		C3F102171E6F498600EB1B4E /* Build configuration list for PBXProject "Survey Data" */ = {
			isa = XCConfigurationList;
			buildConfigurations = (
				C3F102441E6F498700EB1B4E /* Debug */,
				C3F102451E6F498700EB1B4E /* Release */,
			);
			defaultConfigurationIsVisible = 0;
			defaultConfigurationName = Release;
		};
		C3F102461E6F498700EB1B4E /* Build configuration list for PBXNativeTarget "Survey Data" */ = {
			isa = XCConfigurationList;
			buildConfigurations = (
				C3F102471E6F498700EB1B4E /* Debug */,
				C3F102481E6F498700EB1B4E /* Release */,
			);
			defaultConfigurationIsVisible = 0;
			defaultConfigurationName = Release;
		};
		C3F102491E6F498700EB1B4E /* Build configuration list for PBXNativeTarget "Survey DataTests" */ = {
			isa = XCConfigurationList;
			buildConfigurations = (
				C3F1024A1E6F498700EB1B4E /* Debug */,
				C3F1024B1E6F498700EB1B4E /* Release */,
			);
			defaultConfigurationIsVisible = 0;
			defaultConfigurationName = Release;
		};
		C3F1024C1E6F498700EB1B4E /* Build configuration list for PBXNativeTarget "Survey DataUITests" */ = {
			isa = XCConfigurationList;
			buildConfigurations = (
				C3F1024D1E6F498700EB1B4E /* Debug */,
				C3F1024E1E6F498700EB1B4E /* Release */,
			);
			defaultConfigurationIsVisible = 0;
			defaultConfigurationName = Release;
		};
/* End XCConfigurationList section */
	};
	rootObject = C3F102141E6F498600EB1B4E /* Project object */;
}
